
Microsoft Visual Studio Solution File, Format Version 12.00
Project("{FAE04EC0-301F-11D3-BF4B-00C04F79EFBC}") = "Evico.Api", "Evico.Api\Evico.Api.csproj", "{A991D870-718C-4DCC-BB85-129E0299AFF2}"
EndProject
Project("{FAE04EC0-301F-11D3-BF4B-00C04F79EFBC}") = "Evico.Web", "Evico.Web\Evico.Web.csproj", "{56F3A3CC-A782-486C-97B4-DA5CEE1777F2}"
EndProject
Project("{2150E333-8FDC-42A3-9474-1A3956D46DE8}") = "src", "src", "{9EAE2900-0612-480C-B3DF-F08412A64288}"
EndProject
Project("{FAE04EC0-301F-11D3-BF4B-00C04F79EFBC}") = "Evico", "Evico\Evico.csproj", "{155B2679-78B3-43C7-912A-C4943096D26F}"
EndProject
Global
	GlobalSection(SolutionConfigurationPlatforms) = preSolution
		Debug|Any CPU = Debug|Any CPU
		Release|Any CPU = Release|Any CPU
	EndGlobalSection
	GlobalSection(ProjectConfigurationPlatforms) = postSolution
		{A991D870-718C-4DCC-BB85-129E0299AFF2}.Debug|Any CPU.ActiveCfg = Debug|Any CPU
		{A991D870-718C-4DCC-BB85-129E0299AFF2}.Debug|Any CPU.Build.0 = Debug|Any CPU
		{A991D870-718C-4DCC-BB85-129E0299AFF2}.Release|Any CPU.ActiveCfg = Release|Any CPU
		{A991D870-718C-4DCC-BB85-129E0299AFF2}.Release|Any CPU.Build.0 = Release|Any CPU
		{56F3A3CC-A782-486C-97B4-DA5CEE1777F2}.Debug|Any CPU.ActiveCfg = Debug|Any CPU
		{56F3A3CC-A782-486C-97B4-DA5CEE1777F2}.Debug|Any CPU.Build.0 = Debug|Any CPU
		{56F3A3CC-A782-486C-97B4-DA5CEE1777F2}.Release|Any CPU.ActiveCfg = Release|Any CPU
		{56F3A3CC-A782-486C-97B4-DA5CEE1777F2}.Release|Any CPU.Build.0 = Release|Any CPU
		{155B2679-78B3-43C7-912A-C4943096D26F}.Debug|Any CPU.ActiveCfg = Debug|Any CPU
		{155B2679-78B3-43C7-912A-C4943096D26F}.Debug|Any CPU.Build.0 = Debug|Any CPU
		{155B2679-78B3-43C7-912A-C4943096D26F}.Release|Any CPU.ActiveCfg = Release|Any CPU
		{155B2679-78B3-43C7-912A-C4943096D26F}.Release|Any CPU.Build.0 = Release|Any CPU
	EndGlobalSection
	GlobalSection(NestedProjects) = preSolution
		{A991D870-718C-4DCC-BB85-129E0299AFF2} = {9EAE2900-0612-480C-B3DF-F08412A64288}
		{56F3A3CC-A782-486C-97B4-DA5CEE1777F2} = {9EAE2900-0612-480C-B3DF-F08412A64288}
		{155B2679-78B3-43C7-912A-C4943096D26F} = {9EAE2900-0612-480C-B3DF-F08412A64288}
	EndGlobalSection
EndGlobal
